// !$*UTF8*$!
{
	archiveVersion = 1;
	classes = {
	};
	objectVersion = 50;
	objects = {

/* Begin PBXBuildFile section */
		983429FB25147F1000A5B96B /* Quiz1ViewController.swift in Sources */ = {isa = PBXBuildFile; fileRef = 983429FA25147F1000A5B96B /* Quiz1ViewController.swift */; };
		98388ABE2513C4B900C17544 /* AppDelegate.swift in Sources */ = {isa = PBXBuildFile; fileRef = 98388ABD2513C4B900C17544 /* AppDelegate.swift */; };
		98388AC02513C4B900C17544 /* SceneDelegate.swift in Sources */ = {isa = PBXBuildFile; fileRef = 98388ABF2513C4B900C17544 /* SceneDelegate.swift */; };
		98388AC52513C4B900C17544 /* Main.storyboard in Resources */ = {isa = PBXBuildFile; fileRef = 98388AC32513C4B900C17544 /* Main.storyboard */; };
		98388AC72513C4BC00C17544 /* Assets.xcassets in Resources */ = {isa = PBXBuildFile; fileRef = 98388AC62513C4BC00C17544 /* Assets.xcassets */; };
		98388ACA2513C4BC00C17544 /* LaunchScreen.storyboard in Resources */ = {isa = PBXBuildFile; fileRef = 98388AC82513C4BC00C17544 /* LaunchScreen.storyboard */; };
		98388AD52513C4BC00C17544 /* Empowering_Relationships_QuizTests.swift in Sources */ = {isa = PBXBuildFile; fileRef = 98388AD42513C4BC00C17544 /* Empowering_Relationships_QuizTests.swift */; };
		98388AE02513C4BC00C17544 /* Empowering_Relationships_QuizUITests.swift in Sources */ = {isa = PBXBuildFile; fileRef = 98388ADF2513C4BC00C17544 /* Empowering_Relationships_QuizUITests.swift */; };
		98388AF42513C58700C17544 /* HomeViewController.swift in Sources */ = {isa = PBXBuildFile; fileRef = 98388AF32513C58700C17544 /* HomeViewController.swift */; };
		98388B002513C98300C17544 /* RoundedButton.swift in Sources */ = {isa = PBXBuildFile; fileRef = 98388AFF2513C98300C17544 /* RoundedButton.swift */; };
/* End PBXBuildFile section */

/* Begin PBXContainerItemProxy section */
		98388AD12513C4BC00C17544 /* PBXContainerItemProxy */ = {
			isa = PBXContainerItemProxy;
			containerPortal = 98388AB22513C4B900C17544 /* Project object */;
			proxyType = 1;
			remoteGlobalIDString = 98388AB92513C4B900C17544;
			remoteInfo = "Empowering Relationships Quiz";
		};
		98388ADC2513C4BC00C17544 /* PBXContainerItemProxy */ = {
			isa = PBXContainerItemProxy;
			containerPortal = 98388AB22513C4B900C17544 /* Project object */;
			proxyType = 1;
			remoteGlobalIDString = 98388AB92513C4B900C17544;
			remoteInfo = "Empowering Relationships Quiz";
		};
/* End PBXContainerItemProxy section */

/* Begin PBXFileReference section */
		983429FA25147F1000A5B96B /* Quiz1ViewController.swift */ = {isa = PBXFileReference; lastKnownFileType = sourcecode.swift; path = Quiz1ViewController.swift; sourceTree = "<group>"; };
		98388ABA2513C4B900C17544 /* Empowering Relationships Quiz.app */ = {isa = PBXFileReference; explicitFileType = wrapper.application; includeInIndex = 0; path = "Empowering Relationships Quiz.app"; sourceTree = BUILT_PRODUCTS_DIR; };
		98388ABD2513C4B900C17544 /* AppDelegate.swift */ = {isa = PBXFileReference; lastKnownFileType = sourcecode.swift; path = AppDelegate.swift; sourceTree = "<group>"; };
		98388ABF2513C4B900C17544 /* SceneDelegate.swift */ = {isa = PBXFileReference; lastKnownFileType = sourcecode.swift; path = SceneDelegate.swift; sourceTree = "<group>"; };
		98388AC42513C4B900C17544 /* Base */ = {isa = PBXFileReference; lastKnownFileType = file.storyboard; name = Base; path = Base.lproj/Main.storyboard; sourceTree = "<group>"; };
		98388AC62513C4BC00C17544 /* Assets.xcassets */ = {isa = PBXFileReference; lastKnownFileType = folder.assetcatalog; path = Assets.xcassets; sourceTree = "<group>"; };
		98388AC92513C4BC00C17544 /* Base */ = {isa = PBXFileReference; lastKnownFileType = file.storyboard; name = Base; path = Base.lproj/LaunchScreen.storyboard; sourceTree = "<group>"; };
		98388ACB2513C4BC00C17544 /* Info.plist */ = {isa = PBXFileReference; lastKnownFileType = text.plist.xml; path = Info.plist; sourceTree = "<group>"; };
		98388AD02513C4BC00C17544 /* Empowering Relationships QuizTests.xctest */ = {isa = PBXFileReference; explicitFileType = wrapper.cfbundle; includeInIndex = 0; path = "Empowering Relationships QuizTests.xctest"; sourceTree = BUILT_PRODUCTS_DIR; };
		98388AD42513C4BC00C17544 /* Empowering_Relationships_QuizTests.swift */ = {isa = PBXFileReference; lastKnownFileType = sourcecode.swift; path = Empowering_Relationships_QuizTests.swift; sourceTree = "<group>"; };
		98388AD62513C4BC00C17544 /* Info.plist */ = {isa = PBXFileReference; lastKnownFileType = text.plist.xml; path = Info.plist; sourceTree = "<group>"; };
		98388ADB2513C4BC00C17544 /* Empowering Relationships QuizUITests.xctest */ = {isa = PBXFileReference; explicitFileType = wrapper.cfbundle; includeInIndex = 0; path = "Empowering Relationships QuizUITests.xctest"; sourceTree = BUILT_PRODUCTS_DIR; };
		98388ADF2513C4BC00C17544 /* Empowering_Relationships_QuizUITests.swift */ = {isa = PBXFileReference; lastKnownFileType = sourcecode.swift; path = Empowering_Relationships_QuizUITests.swift; sourceTree = "<group>"; };
		98388AE12513C4BC00C17544 /* Info.plist */ = {isa = PBXFileReference; lastKnownFileType = text.plist.xml; path = Info.plist; sourceTree = "<group>"; };
		98388AF32513C58700C17544 /* HomeViewController.swift */ = {isa = PBXFileReference; lastKnownFileType = sourcecode.swift; path = HomeViewController.swift; sourceTree = "<group>"; };
		98388AFF2513C98300C17544 /* RoundedButton.swift */ = {isa = PBXFileReference; lastKnownFileType = sourcecode.swift; path = RoundedButton.swift; sourceTree = "<group>"; };
/* End PBXFileReference section */

/* Begin PBXFrameworksBuildPhase section */
		98388AB72513C4B900C17544 /* Frameworks */ = {
			isa = PBXFrameworksBuildPhase;
			buildActionMask = 2147483647;
			files = (
			);
			runOnlyForDeploymentPostprocessing = 0;
		};
		98388ACD2513C4BC00C17544 /* Frameworks */ = {
			isa = PBXFrameworksBuildPhase;
			buildActionMask = 2147483647;
			files = (
			);
			runOnlyForDeploymentPostprocessing = 0;
		};
		98388AD82513C4BC00C17544 /* Frameworks */ = {
			isa = PBXFrameworksBuildPhase;
			buildActionMask = 2147483647;
			files = (
			);
			runOnlyForDeploymentPostprocessing = 0;
		};
/* End PBXFrameworksBuildPhase section */

/* Begin PBXGroup section */
		98388AB12513C4B900C17544 = {
			isa = PBXGroup;
			children = (
				98388ABC2513C4B900C17544 /* Empowering Relationships Quiz */,
				98388AD32513C4BC00C17544 /* Empowering Relationships QuizTests */,
				98388ADE2513C4BC00C17544 /* Empowering Relationships QuizUITests */,
				98388ABB2513C4B900C17544 /* Products */,
			);
			sourceTree = "<group>";
		};
		98388ABB2513C4B900C17544 /* Products */ = {
			isa = PBXGroup;
			children = (
				98388ABA2513C4B900C17544 /* Empowering Relationships Quiz.app */,
				98388AD02513C4BC00C17544 /* Empowering Relationships QuizTests.xctest */,
				98388ADB2513C4BC00C17544 /* Empowering Relationships QuizUITests.xctest */,
			);
			name = Products;
			sourceTree = "<group>";
		};
		98388ABC2513C4B900C17544 /* Empowering Relationships Quiz */ = {
			isa = PBXGroup;
			children = (
				98388ABD2513C4B900C17544 /* AppDelegate.swift */,
				98388ABF2513C4B900C17544 /* SceneDelegate.swift */,
				98388AC32513C4B900C17544 /* Main.storyboard */,
				98388B042513C98800C17544 /* Classes */,
				98388AFB2513C6F000C17544 /* View Controllers */,
				98388AC62513C4BC00C17544 /* Assets.xcassets */,
				98388AC82513C4BC00C17544 /* LaunchScreen.storyboard */,
				98388ACB2513C4BC00C17544 /* Info.plist */,
			);
			path = "Empowering Relationships Quiz";
			sourceTree = "<group>";
		};
		98388AD32513C4BC00C17544 /* Empowering Relationships QuizTests */ = {
			isa = PBXGroup;
			children = (
				98388AD42513C4BC00C17544 /* Empowering_Relationships_QuizTests.swift */,
				98388AD62513C4BC00C17544 /* Info.plist */,
			);
			path = "Empowering Relationships QuizTests";
			sourceTree = "<group>";
		};
		98388ADE2513C4BC00C17544 /* Empowering Relationships QuizUITests */ = {
			isa = PBXGroup;
			children = (
				98388ADF2513C4BC00C17544 /* Empowering_Relationships_QuizUITests.swift */,
				98388AE12513C4BC00C17544 /* Info.plist */,
			);
			path = "Empowering Relationships QuizUITests";
			sourceTree = "<group>";
		};
		98388AFB2513C6F000C17544 /* View Controllers */ = {
			isa = PBXGroup;
			children = (
				98388AF32513C58700C17544 /* HomeViewController.swift */,
				983429FA25147F1000A5B96B /* Quiz1ViewController.swift */,
			);
			path = "View Controllers";
			sourceTree = "<group>";
		};
		98388B042513C98800C17544 /* Classes */ = {
			isa = PBXGroup;
			children = (
				98388AFF2513C98300C17544 /* RoundedButton.swift */,
			);
			path = Classes;
			sourceTree = "<group>";
		};
/* End PBXGroup section */

/* Begin PBXNativeTarget section */
		98388AB92513C4B900C17544 /* Empowering Relationships Quiz */ = {
			isa = PBXNativeTarget;
			buildConfigurationList = 98388AE42513C4BC00C17544 /* Build configuration list for PBXNativeTarget "Empowering Relationships Quiz" */;
			buildPhases = (
				98388AB62513C4B900C17544 /* Sources */,
				98388AB72513C4B900C17544 /* Frameworks */,
				98388AB82513C4B900C17544 /* Resources */,
			);
			buildRules = (
			);
			dependencies = (
			);
			name = "Empowering Relationships Quiz";
			productName = "Empowering Relationships Quiz";
			productReference = 98388ABA2513C4B900C17544 /* Empowering Relationships Quiz.app */;
			productType = "com.apple.product-type.application";
		};
		98388ACF2513C4BC00C17544 /* Empowering Relationships QuizTests */ = {
			isa = PBXNativeTarget;
			buildConfigurationList = 98388AE72513C4BC00C17544 /* Build configuration list for PBXNativeTarget "Empowering Relationships QuizTests" */;
			buildPhases = (
				98388ACC2513C4BC00C17544 /* Sources */,
				98388ACD2513C4BC00C17544 /* Frameworks */,
				98388ACE2513C4BC00C17544 /* Resources */,
			);
			buildRules = (
			);
			dependencies = (
				98388AD22513C4BC00C17544 /* PBXTargetDependency */,
			);
			name = "Empowering Relationships QuizTests";
			productName = "Empowering Relationships QuizTests";
			productReference = 98388AD02513C4BC00C17544 /* Empowering Relationships QuizTests.xctest */;
			productType = "com.apple.product-type.bundle.unit-test";
		};
		98388ADA2513C4BC00C17544 /* Empowering Relationships QuizUITests */ = {
			isa = PBXNativeTarget;
			buildConfigurationList = 98388AEA2513C4BC00C17544 /* Build configuration list for PBXNativeTarget "Empowering Relationships QuizUITests" */;
			buildPhases = (
				98388AD72513C4BC00C17544 /* Sources */,
				98388AD82513C4BC00C17544 /* Frameworks */,
				98388AD92513C4BC00C17544 /* Resources */,
			);
			buildRules = (
			);
			dependencies = (
				98388ADD2513C4BC00C17544 /* PBXTargetDependency */,
			);
			name = "Empowering Relationships QuizUITests";
			productName = "Empowering Relationships QuizUITests";
			productReference = 98388ADB2513C4BC00C17544 /* Empowering Relationships QuizUITests.xctest */;
			productType = "com.apple.product-type.bundle.ui-testing";
		};
/* End PBXNativeTarget section */

/* Begin PBXProject section */
		98388AB22513C4B900C17544 /* Project object */ = {
			isa = PBXProject;
			attributes = {
				LastSwiftUpdateCheck = 1200;
				LastUpgradeCheck = 1200;
				TargetAttributes = {
					98388AB92513C4B900C17544 = {
						CreatedOnToolsVersion = 12.0;
					};
					98388ACF2513C4BC00C17544 = {
						CreatedOnToolsVersion = 12.0;
						TestTargetID = 98388AB92513C4B900C17544;
					};
					98388ADA2513C4BC00C17544 = {
						CreatedOnToolsVersion = 12.0;
						TestTargetID = 98388AB92513C4B900C17544;
					};
				};
			};
			buildConfigurationList = 98388AB52513C4B900C17544 /* Build configuration list for PBXProject "Empowering Relationships Quiz" */;
			compatibilityVersion = "Xcode 9.3";
			developmentRegion = en;
			hasScannedForEncodings = 0;
			knownRegions = (
				en,
				Base,
			);
			mainGroup = 98388AB12513C4B900C17544;
			productRefGroup = 98388ABB2513C4B900C17544 /* Products */;
			projectDirPath = "";
			projectRoot = "";
			targets = (
				98388AB92513C4B900C17544 /* Empowering Relationships Quiz */,
				98388ACF2513C4BC00C17544 /* Empowering Relationships QuizTests */,
				98388ADA2513C4BC00C17544 /* Empowering Relationships QuizUITests */,
			);
		};
/* End PBXProject section */

/* Begin PBXResourcesBuildPhase section */
		98388AB82513C4B900C17544 /* Resources */ = {
			isa = PBXResourcesBuildPhase;
			buildActionMask = 2147483647;
			files = (
				98388ACA2513C4BC00C17544 /* LaunchScreen.storyboard in Resources */,
				98388AC72513C4BC00C17544 /* Assets.xcassets in Resources */,
				98388AC52513C4B900C17544 /* Main.storyboard in Resources */,
			);
			runOnlyForDeploymentPostprocessing = 0;
		};
		98388ACE2513C4BC00C17544 /* Resources */ = {
			isa = PBXResourcesBuildPhase;
			buildActionMask = 2147483647;
			files = (
			);
			runOnlyForDeploymentPostprocessing = 0;
		};
		98388AD92513C4BC00C17544 /* Resources */ = {
			isa = PBXResourcesBuildPhase;
			buildActionMask = 2147483647;
			files = (
			);
			runOnlyForDeploymentPostprocessing = 0;
		};
/* End PBXResourcesBuildPhase section */

/* Begin PBXSourcesBuildPhase section */
		98388AB62513C4B900C17544 /* Sources */ = {
			isa = PBXSourcesBuildPhase;
			buildActionMask = 2147483647;
			files = (
				98388ABE2513C4B900C17544 /* AppDelegate.swift in Sources */,
				98388AC02513C4B900C17544 /* SceneDelegate.swift in Sources */,
				98388AF42513C58700C17544 /* HomeViewController.swift in Sources */,
				98388B002513C98300C17544 /* RoundedButton.swift in Sources */,
				983429FB25147F1000A5B96B /* Quiz1ViewController.swift in Sources */,
			);
			runOnlyForDeploymentPostprocessing = 0;
		};
		98388ACC2513C4BC00C17544 /* Sources */ = {
			isa = PBXSourcesBuildPhase;
			buildActionMask = 2147483647;
			files = (
				98388AD52513C4BC00C17544 /* Empowering_Relationships_QuizTests.swift in Sources */,
			);
			runOnlyForDeploymentPostprocessing = 0;
		};
		98388AD72513C4BC00C17544 /* Sources */ = {
			isa = PBXSourcesBuildPhase;
			buildActionMask = 2147483647;
			files = (
				98388AE02513C4BC00C17544 /* Empowering_Relationships_QuizUITests.swift in Sources */,
			);
			runOnlyForDeploymentPostprocessing = 0;
		};
/* End PBXSourcesBuildPhase section */

/* Begin PBXTargetDependency section */
		98388AD22513C4BC00C17544 /* PBXTargetDependency */ = {
			isa = PBXTargetDependency;
			target = 98388AB92513C4B900C17544 /* Empowering Relationships Quiz */;
			targetProxy = 98388AD12513C4BC00C17544 /* PBXContainerItemProxy */;
		};
		98388ADD2513C4BC00C17544 /* PBXTargetDependency */ = {
			isa = PBXTargetDependency;
			target = 98388AB92513C4B900C17544 /* Empowering Relationships Quiz */;
			targetProxy = 98388ADC2513C4BC00C17544 /* PBXContainerItemProxy */;
		};
/* End PBXTargetDependency section */

/* Begin PBXVariantGroup section */
		98388AC32513C4B900C17544 /* Main.storyboard */ = {
			isa = PBXVariantGroup;
			children = (
				98388AC42513C4B900C17544 /* Base */,
			);
			name = Main.storyboard;
			sourceTree = "<group>";
		};
		98388AC82513C4BC00C17544 /* LaunchScreen.storyboard */ = {
			isa = PBXVariantGroup;
			children = (
				98388AC92513C4BC00C17544 /* Base */,
			);
			name = LaunchScreen.storyboard;
			sourceTree = "<group>";
		};
/* End PBXVariantGroup section */

/* Begin XCBuildConfiguration section */
		98388AE22513C4BC00C17544 /* Debug */ = {
			isa = XCBuildConfiguration;
			buildSettings = {
				ALWAYS_SEARCH_USER_PATHS = NO;
				CLANG_ANALYZER_NONNULL = YES;
				CLANG_ANALYZER_NUMBER_OBJECT_CONVERSION = YES_AGGRESSIVE;
				CLANG_CXX_LANGUAGE_STANDARD = "gnu++14";
				CLANG_CXX_LIBRARY = "libc++";
				CLANG_ENABLE_MODULES = YES;
				CLANG_ENABLE_OBJC_ARC = YES;
				CLANG_ENABLE_OBJC_WEAK = YES;
				CLANG_WARN_BLOCK_CAPTURE_AUTORELEASING = YES;
				CLANG_WARN_BOOL_CONVERSION = YES;
				CLANG_WARN_COMMA = YES;
				CLANG_WARN_CONSTANT_CONVERSION = YES;
				CLANG_WARN_DEPRECATED_OBJC_IMPLEMENTATIONS = YES;
				CLANG_WARN_DIRECT_OBJC_ISA_USAGE = YES_ERROR;
				CLANG_WARN_DOCUMENTATION_COMMENTS = YES;
				CLANG_WARN_EMPTY_BODY = YES;
				CLANG_WARN_ENUM_CONVERSION = YES;
				CLANG_WARN_INFINITE_RECURSION = YES;
				CLANG_WARN_INT_CONVERSION = YES;
				CLANG_WARN_NON_LITERAL_NULL_CONVERSION = YES;
				CLANG_WARN_OBJC_IMPLICIT_RETAIN_SELF = YES;
				CLANG_WARN_OBJC_LITERAL_CONVERSION = YES;
				CLANG_WARN_OBJC_ROOT_CLASS = YES_ERROR;
				CLANG_WARN_QUOTED_INCLUDE_IN_FRAMEWORK_HEADER = YES;
				CLANG_WARN_RANGE_LOOP_ANALYSIS = YES;
				CLANG_WARN_STRICT_PROTOTYPES = YES;
				CLANG_WARN_SUSPICIOUS_MOVE = YES;
				CLANG_WARN_UNGUARDED_AVAILABILITY = YES_AGGRESSIVE;
				CLANG_WARN_UNREACHABLE_CODE = YES;
				CLANG_WARN__DUPLICATE_METHOD_MATCH = YES;
				COPY_PHASE_STRIP = NO;
				DEBUG_INFORMATION_FORMAT = dwarf;
				ENABLE_STRICT_OBJC_MSGSEND = YES;
				ENABLE_TESTABILITY = YES;
				GCC_C_LANGUAGE_STANDARD = gnu11;
				GCC_DYNAMIC_NO_PIC = NO;
				GCC_NO_COMMON_BLOCKS = YES;
				GCC_OPTIMIZATION_LEVEL = 0;
				GCC_PREPROCESSOR_DEFINITIONS = (
					"DEBUG=1",
					"$(inherited)",
				);
				GCC_WARN_64_TO_32_BIT_CONVERSION = YES;
				GCC_WARN_ABOUT_RETURN_TYPE = YES_ERROR;
				GCC_WARN_UNDECLARED_SELECTOR = YES;
				GCC_WARN_UNINITIALIZED_AUTOS = YES_AGGRESSIVE;
				GCC_WARN_UNUSED_FUNCTION = YES;
				GCC_WARN_UNUSED_VARIABLE = YES;
				IPHONEOS_DEPLOYMENT_TARGET = 14.0;
				MTL_ENABLE_DEBUG_INFO = INCLUDE_SOURCE;
				MTL_FAST_MATH = YES;
				ONLY_ACTIVE_ARCH = YES;
				SDKROOT = iphoneos;
				SWIFT_ACTIVE_COMPILATION_CONDITIONS = DEBUG;
				SWIFT_OPTIMIZATION_LEVEL = "-Onone";
			};
			name = Debug;
		};
		98388AE32513C4BC00C17544 /* Release */ = {
			isa = XCBuildConfiguration;
			buildSettings = {
				ALWAYS_SEARCH_USER_PATHS = NO;
				CLANG_ANALYZER_NONNULL = YES;
				CLANG_ANALYZER_NUMBER_OBJECT_CONVERSION = YES_AGGRESSIVE;
				CLANG_CXX_LANGUAGE_STANDARD = "gnu++14";
				CLANG_CXX_LIBRARY = "libc++";
				CLANG_ENABLE_MODULES = YES;
				CLANG_ENABLE_OBJC_ARC = YES;
				CLANG_ENABLE_OBJC_WEAK = YES;
				CLANG_WARN_BLOCK_CAPTURE_AUTORELEASING = YES;
				CLANG_WARN_BOOL_CONVERSION = YES;
				CLANG_WARN_COMMA = YES;
				CLANG_WARN_CONSTANT_CONVERSION = YES;
				CLANG_WARN_DEPRECATED_OBJC_IMPLEMENTATIONS = YES;
				CLANG_WARN_DIRECT_OBJC_ISA_USAGE = YES_ERROR;
				CLANG_WARN_DOCUMENTATION_COMMENTS = YES;
				CLANG_WARN_EMPTY_BODY = YES;
				CLANG_WARN_ENUM_CONVERSION = YES;
				CLANG_WARN_INFINITE_RECURSION = YES;
				CLANG_WARN_INT_CONVERSION = YES;
				CLANG_WARN_NON_LITERAL_NULL_CONVERSION = YES;
				CLANG_WARN_OBJC_IMPLICIT_RETAIN_SELF = YES;
				CLANG_WARN_OBJC_LITERAL_CONVERSION = YES;
				CLANG_WARN_OBJC_ROOT_CLASS = YES_ERROR;
				CLANG_WARN_QUOTED_INCLUDE_IN_FRAMEWORK_HEADER = YES;
				CLANG_WARN_RANGE_LOOP_ANALYSIS = YES;
				CLANG_WARN_STRICT_PROTOTYPES = YES;
				CLANG_WARN_SUSPICIOUS_MOVE = YES;
				CLANG_WARN_UNGUARDED_AVAILABILITY = YES_AGGRESSIVE;
				CLANG_WARN_UNREACHABLE_CODE = YES;
				CLANG_WARN__DUPLICATE_METHOD_MATCH = YES;
				COPY_PHASE_STRIP = NO;
				DEBUG_INFORMATION_FORMAT = "dwarf-with-dsym";
				ENABLE_NS_ASSERTIONS = NO;
				ENABLE_STRICT_OBJC_MSGSEND = YES;
				GCC_C_LANGUAGE_STANDARD = gnu11;
				GCC_NO_COMMON_BLOCKS = YES;
				GCC_WARN_64_TO_32_BIT_CONVERSION = YES;
				GCC_WARN_ABOUT_RETURN_TYPE = YES_ERROR;
				GCC_WARN_UNDECLARED_SELECTOR = YES;
				GCC_WARN_UNINITIALIZED_AUTOS = YES_AGGRESSIVE;
				GCC_WARN_UNUSED_FUNCTION = YES;
				GCC_WARN_UNUSED_VARIABLE = YES;
				IPHONEOS_DEPLOYMENT_TARGET = 14.0;
				MTL_ENABLE_DEBUG_INFO = NO;
				MTL_FAST_MATH = YES;
				SDKROOT = iphoneos;
				SWIFT_COMPILATION_MODE = wholemodule;
				SWIFT_OPTIMIZATION_LEVEL = "-O";
				VALIDATE_PRODUCT = YES;
			};
			name = Release;
		};
		98388AE52513C4BC00C17544 /* Debug */ = {
			isa = XCBuildConfiguration;
			buildSettings = {
				ASSETCATALOG_COMPILER_APPICON_NAME = AppIcon;
				ASSETCATALOG_COMPILER_GLOBAL_ACCENT_COLOR_NAME = AccentColor;
				CODE_SIGN_STYLE = Automatic;
				DEVELOPMENT_TEAM = PX2KWVDZ47;
				INFOPLIST_FILE = "Empowering Relationships Quiz/Info.plist";
				LD_RUNPATH_SEARCH_PATHS = (
					"$(inherited)",
					"@executable_path/Frameworks",
				);
				PRODUCT_BUNDLE_IDENTIFIER = "TiffanyKong.Empowering-Relationships-Quiz";
				PRODUCT_NAME = "$(TARGET_NAME)";
				SWIFT_VERSION = 5.0;
				TARGETED_DEVICE_FAMILY = "1,2";
			};
			name = Debug;
		};
		98388AE62513C4BC00C17544 /* Release */ = {
			isa = XCBuildConfiguration;
			buildSettings = {
				ASSETCATALOG_COMPILER_APPICON_NAME = AppIcon;
				ASSETCATALOG_COMPILER_GLOBAL_ACCENT_COLOR_NAME = AccentColor;
				CODE_SIGN_STYLE = Automatic;
				DEVELOPMENT_TEAM = PX2KWVDZ47;
				INFOPLIST_FILE = "Empowering Relationships Quiz/Info.plist";
				LD_RUNPATH_SEARCH_PATHS = (
					"$(inherited)",
					"@executable_path/Frameworks",
				);
				PRODUCT_BUNDLE_IDENTIFIER = "TiffanyKong.Empowering-Relationships-Quiz";
				PRODUCT_NAME = "$(TARGET_NAME)";
				SWIFT_VERSION = 5.0;
				TARGETED_DEVICE_FAMILY = "1,2";
			};
			name = Release;
		};
		98388AE82513C4BC00C17544 /* Debug */ = {
			isa = XCBuildConfiguration;
			buildSettings = {
				ALWAYS_EMBED_SWIFT_STANDARD_LIBRARIES = YES;
				BUNDLE_LOADER = "$(TEST_HOST)";
				CODE_SIGN_STYLE = Automatic;
				DEVELOPMENT_TEAM = PX2KWVDZ47;
				INFOPLIST_FILE = "Empowering Relationships QuizTests/Info.plist";
				IPHONEOS_DEPLOYMENT_TARGET = 14.0;
				LD_RUNPATH_SEARCH_PATHS = (
					"$(inherited)",
					"@executable_path/Frameworks",
					"@loader_path/Frameworks",
				);
				PRODUCT_BUNDLE_IDENTIFIER = "TiffanyKong.Empowering-Relationships-QuizTests";
				PRODUCT_NAME = "$(TARGET_NAME)";
				SWIFT_VERSION = 5.0;
				TARGETED_DEVICE_FAMILY = "1,2";
				TEST_HOST = "$(BUILT_PRODUCTS_DIR)/Empowering Relationships Quiz.app/Empowering Relationships Quiz";
			};
			name = Debug;
		};
		98388AE92513C4BC00C17544 /* Release */ = {
			isa = XCBuildConfiguration;
			buildSettings = {
				ALWAYS_EMBED_SWIFT_STANDARD_LIBRARIES = YES;
				BUNDLE_LOADER = "$(TEST_HOST)";
				CODE_SIGN_STYLE = Automatic;
				DEVELOPMENT_TEAM = PX2KWVDZ47;
				INFOPLIST_FILE = "Empowering Relationships QuizTests/Info.plist";
				IPHONEOS_DEPLOYMENT_TARGET = 14.0;
				LD_RUNPATH_SEARCH_PATHS = (
					"$(inherited)",
					"@executable_path/Frameworks",
					"@loader_path/Frameworks",
				);
				PRODUCT_BUNDLE_IDENTIFIER = "TiffanyKong.Empowering-Relationships-QuizTests";
				PRODUCT_NAME = "$(TARGET_NAME)";
				SWIFT_VERSION = 5.0;
				TARGETED_DEVICE_FAMILY = "1,2";
				TEST_HOST = "$(BUILT_PRODUCTS_DIR)/Empowering Relationships Quiz.app/Empowering Relationships Quiz";
			};
			name = Release;
		};
		98388AEB2513C4BC00C17544 /* Debug */ = {
			isa = XCBuildConfiguration;
			buildSettings = {
				ALWAYS_EMBED_SWIFT_STANDARD_LIBRARIES = YES;
				CODE_SIGN_STYLE = Automatic;
				DEVELOPMENT_TEAM = PX2KWVDZ47;
				INFOPLIST_FILE = "Empowering Relationships QuizUITests/Info.plist";
				LD_RUNPATH_SEARCH_PATHS = (
					"$(inherited)",
					"@executable_path/Frameworks",
					"@loader_path/Frameworks",
				);
				PRODUCT_BUNDLE_IDENTIFIER = "TiffanyKong.Empowering-Relationships-QuizUITests";
				PRODUCT_NAME = "$(TARGET_NAME)";
				SWIFT_VERSION = 5.0;
				TARGETED_DEVICE_FAMILY = "1,2";
				TEST_TARGET_NAME = "Empowering Relationships Quiz";
			};
			name = Debug;
		};
		98388AEC2513C4BC00C17544 /* Release */ = {
			isa = XCBuildConfiguration;
			buildSettings = {
				ALWAYS_EMBED_SWIFT_STANDARD_LIBRARIES = YES;
				CODE_SIGN_STYLE = Automatic;
				DEVELOPMENT_TEAM = PX2KWVDZ47;
				INFOPLIST_FILE = "Empowering Relationships QuizUITests/Info.plist";
				LD_RUNPATH_SEARCH_PATHS = (
					"$(inherited)",
					"@executable_path/Frameworks",
					"@loader_path/Frameworks",
				);
				PRODUCT_BUNDLE_IDENTIFIER = "TiffanyKong.Empowering-Relationships-QuizUITests";
				PRODUCT_NAME = "$(TARGET_NAME)";
				SWIFT_VERSION = 5.0;
				TARGETED_DEVICE_FAMILY = "1,2";
				TEST_TARGET_NAME = "Empowering Relationships Quiz";
			};
			name = Release;
		};
/* End XCBuildConfiguration section */

/* Begin XCConfigurationList section */
		98388AB52513C4B900C17544 /* Build configuration list for PBXProject "Empowering Relationships Quiz" */ = {
			isa = XCConfigurationList;
			buildConfigurations = (
				98388AE22513C4BC00C17544 /* Debug */,
				98388AE32513C4BC00C17544 /* Release */,
			);
			defaultConfigurationIsVisible = 0;
			defaultConfigurationName = Release;
		};
		98388AE42513C4BC00C17544 /* Build configuration list for PBXNativeTarget "Empowering Relationships Quiz" */ = {
			isa = XCConfigurationList;
			buildConfigurations = (
				98388AE52513C4BC00C17544 /* Debug */,
				98388AE62513C4BC00C17544 /* Release */,
			);
			defaultConfigurationIsVisible = 0;
			defaultConfigurationName = Release;
		};
		98388AE72513C4BC00C17544 /* Build configuration list for PBXNativeTarget "Empowering Relationships QuizTests" */ = {
			isa = XCConfigurationList;
			buildConfigurations = (
				98388AE82513C4BC00C17544 /* Debug */,
				98388AE92513C4BC00C17544 /* Release */,
			);
			defaultConfigurationIsVisible = 0;
			defaultConfigurationName = Release;
		};
		98388AEA2513C4BC00C17544 /* Build configuration list for PBXNativeTarget "Empowering Relationships QuizUITests" */ = {
			isa = XCConfigurationList;
			buildConfigurations = (
				98388AEB2513C4BC00C17544 /* Debug */,
				98388AEC2513C4BC00C17544 /* Release */,
			);
			defaultConfigurationIsVisible = 0;
			defaultConfigurationName = Release;
		};
/* End XCConfigurationList section */
	};
	rootObject = 98388AB22513C4B900C17544 /* Project object */;
}
